
Microsoft Visual Studio Solution File, Format Version 12.00
# Visual Studio 15
VisualStudioVersion = 15.0.28307.329
MinimumVisualStudioVersion = 10.0.40219.1
Project("{FAE04EC0-301F-11D3-BF4B-00C04F79EFBC}") = "Music Playlist Analyzer - njb338", "Music Playlist Analyzer - njb338\Music Playlist Analyzer - njb338.csproj", "{979C6779-4FE7-498F-A5B4-0E944863E268}"
EndProject
Global
	GlobalSection(SolutionConfigurationPlatforms) = preSolution
		Debug|Any CPU = Debug|Any CPU
		Release|Any CPU = Release|Any CPU
	EndGlobalSection
	GlobalSection(ProjectConfigurationPlatforms) = postSolution
		{979C6779-4FE7-498F-A5B4-0E944863E268}.Debug|Any CPU.ActiveCfg = Debug|Any CPU
		{979C6779-4FE7-498F-A5B4-0E944863E268}.Debug|Any CPU.Build.0 = Debug|Any CPU
		{979C6779-4FE7-498F-A5B4-0E944863E268}.Release|Any CPU.ActiveCfg = Release|Any CPU
		{979C6779-4FE7-498F-A5B4-0E944863E268}.Release|Any CPU.Build.0 = Release|Any CPU
	EndGlobalSection
	GlobalSection(SolutionProperties) = preSolution
		HideSolutionNode = FALSE
	EndGlobalSection
	GlobalSection(ExtensibilityGlobals) = postSolution
		SolutionGuid = {1CD6CC50-4BB0-4FE4-9FE2-9D6DD4EBD67E}
	EndGlobalSection
EndGlobal
